
Microsoft Visual Studio Solution File, Format Version 12.00
# Visual Studio Version 17
VisualStudioVersion = 17.3.32811.315
MinimumVisualStudioVersion = 10.0.40219.1
Project("{2150E333-8FDC-42A3-9474-1A3956D46DE8}") = "src", "src", "{5E1C68F0-C7E5-4B57-B77F-40ABEF58DD8F}"
EndProject
Project("{9A19103F-16F7-4668-BE54-9A1E7A4F7556}") = "MongoDB.Adapter", "src\adapters\MongoDB.Adapter\MongoDB.Adapter.csproj", "{DF5911DB-AE0A-4BB4-96BD-066551344159}"
EndProject
Project("{2150E333-8FDC-42A3-9474-1A3956D46DE8}") = "adapters", "adapters", "{08F330FB-5A17-4FA2-9BE1-260626F49FBB}"
EndProject
Project("{9A19103F-16F7-4668-BE54-9A1E7A4F7556}") = "REST.Adapter", "src\adapters\REST.Adapter\REST.Adapter.csproj", "{53C89A44-BCB8-428E-B3BA-B375AD051EF5}"
EndProject
Project("{9A19103F-16F7-4668-BE54-9A1E7A4F7556}") = "SQL.Adapter", "src\adapters\SQL.Adapter\SQL.Adapter.csproj", "{5BD17C46-C104-4A00-89D4-CF40FB0C0DFE}"
EndProject
Project("{2150E333-8FDC-42A3-9474-1A3956D46DE8}") = "core", "core", "{52099806-73AD-476B-AC02-FFAAA12200ED}"
EndProject
Project("{9A19103F-16F7-4668-BE54-9A1E7A4F7556}") = "Domain", "src\core\Domain\Domain.csproj", "{390354F8-3C4B-42F2-BE7C-99FFE8C8BECD}"
EndProject
Project("{2150E333-8FDC-42A3-9474-1A3956D46DE8}") = "app", "app", "{DD7A5CE3-CBD6-4C4C-B7BA-927EDCBA06F3}"
EndProject
Project("{FAE04EC0-301F-11D3-BF4B-00C04F79EFBC}") = "MainApplication", "src\app\MainApplication\MainApplication.csproj", "{0027C701-BD9B-46F1-A6A9-48D80E97ABF3}"
EndProject
Global
	GlobalSection(SolutionConfigurationPlatforms) = preSolution
		Debug|Any CPU = Debug|Any CPU
		Release|Any CPU = Release|Any CPU
	EndGlobalSection
	GlobalSection(ProjectConfigurationPlatforms) = postSolution
		{DF5911DB-AE0A-4BB4-96BD-066551344159}.Debug|Any CPU.ActiveCfg = Debug|Any CPU
		{DF5911DB-AE0A-4BB4-96BD-066551344159}.Debug|Any CPU.Build.0 = Debug|Any CPU
		{DF5911DB-AE0A-4BB4-96BD-066551344159}.Release|Any CPU.ActiveCfg = Release|Any CPU
		{DF5911DB-AE0A-4BB4-96BD-066551344159}.Release|Any CPU.Build.0 = Release|Any CPU
		{53C89A44-BCB8-428E-B3BA-B375AD051EF5}.Debug|Any CPU.ActiveCfg = Debug|Any CPU
		{53C89A44-BCB8-428E-B3BA-B375AD051EF5}.Debug|Any CPU.Build.0 = Debug|Any CPU
		{53C89A44-BCB8-428E-B3BA-B375AD051EF5}.Release|Any CPU.ActiveCfg = Release|Any CPU
		{53C89A44-BCB8-428E-B3BA-B375AD051EF5}.Release|Any CPU.Build.0 = Release|Any CPU
		{5BD17C46-C104-4A00-89D4-CF40FB0C0DFE}.Debug|Any CPU.ActiveCfg = Debug|Any CPU
		{5BD17C46-C104-4A00-89D4-CF40FB0C0DFE}.Debug|Any CPU.Build.0 = Debug|Any CPU
		{5BD17C46-C104-4A00-89D4-CF40FB0C0DFE}.Release|Any CPU.ActiveCfg = Release|Any CPU
		{5BD17C46-C104-4A00-89D4-CF40FB0C0DFE}.Release|Any CPU.Build.0 = Release|Any CPU
		{390354F8-3C4B-42F2-BE7C-99FFE8C8BECD}.Debug|Any CPU.ActiveCfg = Debug|Any CPU
		{390354F8-3C4B-42F2-BE7C-99FFE8C8BECD}.Debug|Any CPU.Build.0 = Debug|Any CPU
		{390354F8-3C4B-42F2-BE7C-99FFE8C8BECD}.Release|Any CPU.ActiveCfg = Release|Any CPU
		{390354F8-3C4B-42F2-BE7C-99FFE8C8BECD}.Release|Any CPU.Build.0 = Release|Any CPU
		{0027C701-BD9B-46F1-A6A9-48D80E97ABF3}.Debug|Any CPU.ActiveCfg = Debug|Any CPU
		{0027C701-BD9B-46F1-A6A9-48D80E97ABF3}.Debug|Any CPU.Build.0 = Debug|Any CPU
		{0027C701-BD9B-46F1-A6A9-48D80E97ABF3}.Release|Any CPU.ActiveCfg = Release|Any CPU
		{0027C701-BD9B-46F1-A6A9-48D80E97ABF3}.Release|Any CPU.Build.0 = Release|Any CPU
	EndGlobalSection
	GlobalSection(SolutionProperties) = preSolution
		HideSolutionNode = FALSE
	EndGlobalSection
	GlobalSection(NestedProjects) = preSolution
		{DF5911DB-AE0A-4BB4-96BD-066551344159} = {08F330FB-5A17-4FA2-9BE1-260626F49FBB}
		{08F330FB-5A17-4FA2-9BE1-260626F49FBB} = {5E1C68F0-C7E5-4B57-B77F-40ABEF58DD8F}
		{53C89A44-BCB8-428E-B3BA-B375AD051EF5} = {08F330FB-5A17-4FA2-9BE1-260626F49FBB}
		{5BD17C46-C104-4A00-89D4-CF40FB0C0DFE} = {08F330FB-5A17-4FA2-9BE1-260626F49FBB}
		{52099806-73AD-476B-AC02-FFAAA12200ED} = {5E1C68F0-C7E5-4B57-B77F-40ABEF58DD8F}
		{390354F8-3C4B-42F2-BE7C-99FFE8C8BECD} = {52099806-73AD-476B-AC02-FFAAA12200ED}
		{DD7A5CE3-CBD6-4C4C-B7BA-927EDCBA06F3} = {5E1C68F0-C7E5-4B57-B77F-40ABEF58DD8F}
		{0027C701-BD9B-46F1-A6A9-48D80E97ABF3} = {DD7A5CE3-CBD6-4C4C-B7BA-927EDCBA06F3}
	EndGlobalSection
	GlobalSection(ExtensibilityGlobals) = postSolution
		SolutionGuid = {BEDD2D23-6A16-4EAC-9CC7-96D3DF31811F}
	EndGlobalSection
EndGlobal
